
Microsoft Visual Studio Solution File, Format Version 12.00
# Visual Studio 2012
Project("{FAE04EC0-301F-11D3-BF4B-00C04F79EFBC}") = "UMengMessage", "UMengMessage\UMengMessage.csproj", "{B1E1C341-68A6-42E4-A88D-9C32BBD5B8BF}"
EndProject
Project("{FAE04EC0-301F-11D3-BF4B-00C04F79EFBC}") = "UMengMessageDemo", "UMengMessageDemo\UMengMessageDemo.csproj", "{65AD8BD2-FB93-45E2-B3D4-F6244C9C8C87}"
EndProject
Global
	GlobalSection(SolutionConfigurationPlatforms) = preSolution
		Debug|Any CPU = Debug|Any CPU
		Release|Any CPU = Release|Any CPU
		Debug|iPhoneSimulator = Debug|iPhoneSimulator
		Release|iPhone = Release|iPhone
		Release|iPhoneSimulator = Release|iPhoneSimulator
		Debug|iPhone = Debug|iPhone
	EndGlobalSection
	GlobalSection(ProjectConfigurationPlatforms) = postSolution
		{B1E1C341-68A6-42E4-A88D-9C32BBD5B8BF}.Debug|Any CPU.ActiveCfg = Debug|Any CPU
		{B1E1C341-68A6-42E4-A88D-9C32BBD5B8BF}.Debug|Any CPU.Build.0 = Debug|Any CPU
		{B1E1C341-68A6-42E4-A88D-9C32BBD5B8BF}.Release|Any CPU.ActiveCfg = Release|Any CPU
		{B1E1C341-68A6-42E4-A88D-9C32BBD5B8BF}.Release|Any CPU.Build.0 = Release|Any CPU
		{B1E1C341-68A6-42E4-A88D-9C32BBD5B8BF}.Debug|iPhoneSimulator.ActiveCfg = Debug|Any CPU
		{B1E1C341-68A6-42E4-A88D-9C32BBD5B8BF}.Debug|iPhoneSimulator.Build.0 = Debug|Any CPU
		{B1E1C341-68A6-42E4-A88D-9C32BBD5B8BF}.Release|iPhone.ActiveCfg = Release|Any CPU
		{B1E1C341-68A6-42E4-A88D-9C32BBD5B8BF}.Release|iPhone.Build.0 = Release|Any CPU
		{B1E1C341-68A6-42E4-A88D-9C32BBD5B8BF}.Release|iPhoneSimulator.ActiveCfg = Release|Any CPU
		{B1E1C341-68A6-42E4-A88D-9C32BBD5B8BF}.Release|iPhoneSimulator.Build.0 = Release|Any CPU
		{B1E1C341-68A6-42E4-A88D-9C32BBD5B8BF}.Debug|iPhone.ActiveCfg = Debug|Any CPU
		{B1E1C341-68A6-42E4-A88D-9C32BBD5B8BF}.Debug|iPhone.Build.0 = Debug|Any CPU
		{65AD8BD2-FB93-45E2-B3D4-F6244C9C8C87}.Debug|Any CPU.ActiveCfg = Debug|iPhoneSimulator
		{65AD8BD2-FB93-45E2-B3D4-F6244C9C8C87}.Debug|Any CPU.Build.0 = Debug|iPhoneSimulator
		{65AD8BD2-FB93-45E2-B3D4-F6244C9C8C87}.Release|Any CPU.ActiveCfg = Debug|iPhoneSimulator
		{65AD8BD2-FB93-45E2-B3D4-F6244C9C8C87}.Release|Any CPU.Build.0 = Debug|iPhoneSimulator
		{65AD8BD2-FB93-45E2-B3D4-F6244C9C8C87}.Debug|iPhoneSimulator.ActiveCfg = Debug|iPhoneSimulator
		{65AD8BD2-FB93-45E2-B3D4-F6244C9C8C87}.Debug|iPhoneSimulator.Build.0 = Debug|iPhoneSimulator
		{65AD8BD2-FB93-45E2-B3D4-F6244C9C8C87}.Release|iPhone.ActiveCfg = Release|iPhone
		{65AD8BD2-FB93-45E2-B3D4-F6244C9C8C87}.Release|iPhone.Build.0 = Release|iPhone
		{65AD8BD2-FB93-45E2-B3D4-F6244C9C8C87}.Release|iPhoneSimulator.ActiveCfg = Release|iPhoneSimulator
		{65AD8BD2-FB93-45E2-B3D4-F6244C9C8C87}.Release|iPhoneSimulator.Build.0 = Release|iPhoneSimulator
		{65AD8BD2-FB93-45E2-B3D4-F6244C9C8C87}.Debug|iPhone.ActiveCfg = Debug|iPhone
		{65AD8BD2-FB93-45E2-B3D4-F6244C9C8C87}.Debug|iPhone.Build.0 = Debug|iPhone
	EndGlobalSection
EndGlobal
