
Microsoft Visual Studio Solution File, Format Version 12.00
# Visual Studio 2012
Project("{FAE04EC0-301F-11D3-BF4B-00C04F79EFBC}") = "MPShareBinding", "MPShareBinding\MPShareBinding.csproj", "{9251E6FD-7F4A-481F-9AEF-CCF735CAD233}"
EndProject
Project("{FAE04EC0-301F-11D3-BF4B-00C04F79EFBC}") = "MPShareDemo", "MPShareDemo\MPShareDemo.csproj", "{E74CBDB8-62EA-4271-BED8-2345913C5C9B}"
EndProject
Global
	GlobalSection(SolutionConfigurationPlatforms) = preSolution
		Debug|Any CPU = Debug|Any CPU
		Release|Any CPU = Release|Any CPU
		Debug|iPhoneSimulator = Debug|iPhoneSimulator
		Release|iPhone = Release|iPhone
		Release|iPhoneSimulator = Release|iPhoneSimulator
		Debug|iPhone = Debug|iPhone
	EndGlobalSection
	GlobalSection(ProjectConfigurationPlatforms) = postSolution
		{9251E6FD-7F4A-481F-9AEF-CCF735CAD233}.Debug|Any CPU.ActiveCfg = Debug|Any CPU
		{9251E6FD-7F4A-481F-9AEF-CCF735CAD233}.Debug|Any CPU.Build.0 = Debug|Any CPU
		{9251E6FD-7F4A-481F-9AEF-CCF735CAD233}.Release|Any CPU.ActiveCfg = Release|Any CPU
		{9251E6FD-7F4A-481F-9AEF-CCF735CAD233}.Release|Any CPU.Build.0 = Release|Any CPU
		{9251E6FD-7F4A-481F-9AEF-CCF735CAD233}.Debug|iPhoneSimulator.ActiveCfg = Debug|Any CPU
		{9251E6FD-7F4A-481F-9AEF-CCF735CAD233}.Debug|iPhoneSimulator.Build.0 = Debug|Any CPU
		{9251E6FD-7F4A-481F-9AEF-CCF735CAD233}.Release|iPhone.ActiveCfg = Release|Any CPU
		{9251E6FD-7F4A-481F-9AEF-CCF735CAD233}.Release|iPhone.Build.0 = Release|Any CPU
		{9251E6FD-7F4A-481F-9AEF-CCF735CAD233}.Release|iPhoneSimulator.ActiveCfg = Release|Any CPU
		{9251E6FD-7F4A-481F-9AEF-CCF735CAD233}.Release|iPhoneSimulator.Build.0 = Release|Any CPU
		{9251E6FD-7F4A-481F-9AEF-CCF735CAD233}.Debug|iPhone.ActiveCfg = Debug|Any CPU
		{9251E6FD-7F4A-481F-9AEF-CCF735CAD233}.Debug|iPhone.Build.0 = Debug|Any CPU
		{E74CBDB8-62EA-4271-BED8-2345913C5C9B}.Debug|Any CPU.ActiveCfg = Debug|iPhoneSimulator
		{E74CBDB8-62EA-4271-BED8-2345913C5C9B}.Debug|Any CPU.Build.0 = Debug|iPhoneSimulator
		{E74CBDB8-62EA-4271-BED8-2345913C5C9B}.Release|Any CPU.ActiveCfg = Release|iPhone
		{E74CBDB8-62EA-4271-BED8-2345913C5C9B}.Release|Any CPU.Build.0 = Release|iPhone
		{E74CBDB8-62EA-4271-BED8-2345913C5C9B}.Debug|iPhoneSimulator.ActiveCfg = Debug|iPhoneSimulator
		{E74CBDB8-62EA-4271-BED8-2345913C5C9B}.Debug|iPhoneSimulator.Build.0 = Debug|iPhoneSimulator
		{E74CBDB8-62EA-4271-BED8-2345913C5C9B}.Release|iPhone.ActiveCfg = Release|iPhone
		{E74CBDB8-62EA-4271-BED8-2345913C5C9B}.Release|iPhone.Build.0 = Release|iPhone
		{E74CBDB8-62EA-4271-BED8-2345913C5C9B}.Release|iPhoneSimulator.ActiveCfg = Release|iPhoneSimulator
		{E74CBDB8-62EA-4271-BED8-2345913C5C9B}.Release|iPhoneSimulator.Build.0 = Release|iPhoneSimulator
		{E74CBDB8-62EA-4271-BED8-2345913C5C9B}.Debug|iPhone.ActiveCfg = Debug|iPhone
		{E74CBDB8-62EA-4271-BED8-2345913C5C9B}.Debug|iPhone.Build.0 = Debug|iPhone
	EndGlobalSection
EndGlobal
