
Microsoft Visual Studio Solution File, Format Version 12.00
# Visual Studio 2012
Project("{FAE04EC0-301F-11D3-BF4B-00C04F79EFBC}") = "MJRefresh", "MJRefresh\MJRefresh.csproj", "{9A264386-BD6E-4489-AE81-97E966AA5E9A}"
EndProject
Project("{FAE04EC0-301F-11D3-BF4B-00C04F79EFBC}") = "MJRefreshDemo", "MJRefreshDemo\MJRefreshDemo.csproj", "{107E64B4-7106-46A0-B1C4-D3FC1FBF5DBA}"
EndProject
Global
	GlobalSection(SolutionConfigurationPlatforms) = preSolution
		Debug|Any CPU = Debug|Any CPU
		Release|Any CPU = Release|Any CPU
		Debug|iPhoneSimulator = Debug|iPhoneSimulator
		Release|iPhone = Release|iPhone
		Release|iPhoneSimulator = Release|iPhoneSimulator
		Debug|iPhone = Debug|iPhone
	EndGlobalSection
	GlobalSection(ProjectConfigurationPlatforms) = postSolution
		{9A264386-BD6E-4489-AE81-97E966AA5E9A}.Debug|Any CPU.ActiveCfg = Debug|Any CPU
		{9A264386-BD6E-4489-AE81-97E966AA5E9A}.Debug|Any CPU.Build.0 = Debug|Any CPU
		{9A264386-BD6E-4489-AE81-97E966AA5E9A}.Release|Any CPU.ActiveCfg = Release|Any CPU
		{9A264386-BD6E-4489-AE81-97E966AA5E9A}.Release|Any CPU.Build.0 = Release|Any CPU
		{9A264386-BD6E-4489-AE81-97E966AA5E9A}.Debug|iPhoneSimulator.ActiveCfg = Debug|Any CPU
		{9A264386-BD6E-4489-AE81-97E966AA5E9A}.Debug|iPhoneSimulator.Build.0 = Debug|Any CPU
		{9A264386-BD6E-4489-AE81-97E966AA5E9A}.Release|iPhone.ActiveCfg = Release|Any CPU
		{9A264386-BD6E-4489-AE81-97E966AA5E9A}.Release|iPhone.Build.0 = Release|Any CPU
		{9A264386-BD6E-4489-AE81-97E966AA5E9A}.Release|iPhoneSimulator.ActiveCfg = Release|Any CPU
		{9A264386-BD6E-4489-AE81-97E966AA5E9A}.Release|iPhoneSimulator.Build.0 = Release|Any CPU
		{9A264386-BD6E-4489-AE81-97E966AA5E9A}.Debug|iPhone.ActiveCfg = Debug|Any CPU
		{9A264386-BD6E-4489-AE81-97E966AA5E9A}.Debug|iPhone.Build.0 = Debug|Any CPU
		{107E64B4-7106-46A0-B1C4-D3FC1FBF5DBA}.Debug|Any CPU.ActiveCfg = Debug|iPhoneSimulator
		{107E64B4-7106-46A0-B1C4-D3FC1FBF5DBA}.Debug|Any CPU.Build.0 = Debug|iPhoneSimulator
		{107E64B4-7106-46A0-B1C4-D3FC1FBF5DBA}.Release|Any CPU.ActiveCfg = Release|iPhone
		{107E64B4-7106-46A0-B1C4-D3FC1FBF5DBA}.Release|Any CPU.Build.0 = Release|iPhone
		{107E64B4-7106-46A0-B1C4-D3FC1FBF5DBA}.Debug|iPhoneSimulator.ActiveCfg = Debug|iPhoneSimulator
		{107E64B4-7106-46A0-B1C4-D3FC1FBF5DBA}.Debug|iPhoneSimulator.Build.0 = Debug|iPhoneSimulator
		{107E64B4-7106-46A0-B1C4-D3FC1FBF5DBA}.Release|iPhone.ActiveCfg = Release|iPhone
		{107E64B4-7106-46A0-B1C4-D3FC1FBF5DBA}.Release|iPhone.Build.0 = Release|iPhone
		{107E64B4-7106-46A0-B1C4-D3FC1FBF5DBA}.Release|iPhoneSimulator.ActiveCfg = Release|iPhoneSimulator
		{107E64B4-7106-46A0-B1C4-D3FC1FBF5DBA}.Release|iPhoneSimulator.Build.0 = Release|iPhoneSimulator
		{107E64B4-7106-46A0-B1C4-D3FC1FBF5DBA}.Debug|iPhone.ActiveCfg = Debug|iPhone
		{107E64B4-7106-46A0-B1C4-D3FC1FBF5DBA}.Debug|iPhone.Build.0 = Debug|iPhone
	EndGlobalSection
EndGlobal
